
Microsoft Visual Studio Solution File, Format Version 12.00
# Visual Studio Version 17
VisualStudioVersion = 17.1.32210.238
MinimumVisualStudioVersion = 10.0.40219.1
Project("{FAE04EC0-301F-11D3-BF4B-00C04F79EFBC}") = "NumericVariables", "NumericVariables\NumericVariables.csproj", "{98578C5E-C80B-4BE2-9019-3726DFDC280E}"
EndProject
Global
	GlobalSection(SolutionConfigurationPlatforms) = preSolution
		Debug|Any CPU = Debug|Any CPU
		Release|Any CPU = Release|Any CPU
	EndGlobalSection
	GlobalSection(ProjectConfigurationPlatforms) = postSolution
		{98578C5E-C80B-4BE2-9019-3726DFDC280E}.Debug|Any CPU.ActiveCfg = Debug|Any CPU
		{98578C5E-C80B-4BE2-9019-3726DFDC280E}.Debug|Any CPU.Build.0 = Debug|Any CPU
		{98578C5E-C80B-4BE2-9019-3726DFDC280E}.Release|Any CPU.ActiveCfg = Release|Any CPU
		{98578C5E-C80B-4BE2-9019-3726DFDC280E}.Release|Any CPU.Build.0 = Release|Any CPU
	EndGlobalSection
	GlobalSection(SolutionProperties) = preSolution
		HideSolutionNode = FALSE
	EndGlobalSection
	GlobalSection(ExtensibilityGlobals) = postSolution
		SolutionGuid = {EA87B708-2DAF-4CFD-B898-17593CC07420}
	EndGlobalSection
EndGlobal
